
Microsoft Visual Studio Solution File, Format Version 12.00
# Visual Studio 2012
Project("{FAE04EC0-301F-11D3-BF4B-00C04F79EFBC}") = "SwissPostTracking", "SwissPostTracking\SwissPostTracking.csproj", "{37C0E81A-78A2-4AB1-8E81-FD6D1900507C}"
EndProject
Global
	GlobalSection(SolutionConfigurationPlatforms) = preSolution
		Debug|Any CPU = Debug|Any CPU
		Release|Any CPU = Release|Any CPU
	EndGlobalSection
	GlobalSection(ProjectConfigurationPlatforms) = postSolution
		{37C0E81A-78A2-4AB1-8E81-FD6D1900507C}.Debug|Any CPU.ActiveCfg = Debug|Any CPU
		{37C0E81A-78A2-4AB1-8E81-FD6D1900507C}.Debug|Any CPU.Build.0 = Debug|Any CPU
		{37C0E81A-78A2-4AB1-8E81-FD6D1900507C}.Release|Any CPU.ActiveCfg = Release|Any CPU
		{37C0E81A-78A2-4AB1-8E81-FD6D1900507C}.Release|Any CPU.Build.0 = Release|Any CPU
	EndGlobalSection
	GlobalSection(SolutionProperties) = preSolution
		HideSolutionNode = FALSE
	EndGlobalSection
EndGlobal
