
Microsoft Visual Studio Solution File, Format Version 12.00
# Visual Studio Express 2012 for Windows 8
Project("{FAE04EC0-301F-11D3-BF4B-00C04F79EFBC}") = "MusicBird", "MusicBird\MusicBird.csproj", "{F212BCDA-FF0E-4B17-BE92-43EE3EDA98E8}"
EndProject
Project("{2150E333-8FDC-42A3-9474-1A3956D46DE8}") = "Performance Reports", "Performance Reports", "{3696E6BB-B267-40D4-B727-BBDCB6664AC9}"
	ProjectSection(SolutionItems) = preProject
		MusicBird120831.vspx = MusicBird120831.vspx
	EndProjectSection
EndProject
Project("{FAE04EC0-301F-11D3-BF4B-00C04F79EFBC}") = "MusicBirdTest", "MusicBirdTest\MusicBirdTest.csproj", "{4E10FE0F-5BFF-457B-88F8-55418A9BEC5A}"
EndProject
Global
	GlobalSection(SolutionConfigurationPlatforms) = preSolution
		Debug|Any CPU = Debug|Any CPU
		Debug|ARM = Debug|ARM
		Debug|x64 = Debug|x64
		Debug|x86 = Debug|x86
		Release|Any CPU = Release|Any CPU
		Release|ARM = Release|ARM
		Release|x64 = Release|x64
		Release|x86 = Release|x86
	EndGlobalSection
	GlobalSection(ProjectConfigurationPlatforms) = postSolution
		{F212BCDA-FF0E-4B17-BE92-43EE3EDA98E8}.Debug|Any CPU.ActiveCfg = Debug|Any CPU
		{F212BCDA-FF0E-4B17-BE92-43EE3EDA98E8}.Debug|Any CPU.Build.0 = Debug|Any CPU
		{F212BCDA-FF0E-4B17-BE92-43EE3EDA98E8}.Debug|Any CPU.Deploy.0 = Debug|Any CPU
		{F212BCDA-FF0E-4B17-BE92-43EE3EDA98E8}.Debug|ARM.ActiveCfg = Debug|ARM
		{F212BCDA-FF0E-4B17-BE92-43EE3EDA98E8}.Debug|ARM.Build.0 = Debug|ARM
		{F212BCDA-FF0E-4B17-BE92-43EE3EDA98E8}.Debug|ARM.Deploy.0 = Debug|ARM
		{F212BCDA-FF0E-4B17-BE92-43EE3EDA98E8}.Debug|x64.ActiveCfg = Debug|x64
		{F212BCDA-FF0E-4B17-BE92-43EE3EDA98E8}.Debug|x64.Build.0 = Debug|x64
		{F212BCDA-FF0E-4B17-BE92-43EE3EDA98E8}.Debug|x64.Deploy.0 = Debug|x64
		{F212BCDA-FF0E-4B17-BE92-43EE3EDA98E8}.Debug|x86.ActiveCfg = Debug|x86
		{F212BCDA-FF0E-4B17-BE92-43EE3EDA98E8}.Debug|x86.Build.0 = Debug|x86
		{F212BCDA-FF0E-4B17-BE92-43EE3EDA98E8}.Debug|x86.Deploy.0 = Debug|x86
		{F212BCDA-FF0E-4B17-BE92-43EE3EDA98E8}.Release|Any CPU.ActiveCfg = Release|Any CPU
		{F212BCDA-FF0E-4B17-BE92-43EE3EDA98E8}.Release|Any CPU.Build.0 = Release|Any CPU
		{F212BCDA-FF0E-4B17-BE92-43EE3EDA98E8}.Release|Any CPU.Deploy.0 = Release|Any CPU
		{F212BCDA-FF0E-4B17-BE92-43EE3EDA98E8}.Release|ARM.ActiveCfg = Release|ARM
		{F212BCDA-FF0E-4B17-BE92-43EE3EDA98E8}.Release|ARM.Build.0 = Release|ARM
		{F212BCDA-FF0E-4B17-BE92-43EE3EDA98E8}.Release|ARM.Deploy.0 = Release|ARM
		{F212BCDA-FF0E-4B17-BE92-43EE3EDA98E8}.Release|x64.ActiveCfg = Release|x64
		{F212BCDA-FF0E-4B17-BE92-43EE3EDA98E8}.Release|x64.Build.0 = Release|x64
		{F212BCDA-FF0E-4B17-BE92-43EE3EDA98E8}.Release|x64.Deploy.0 = Release|x64
		{F212BCDA-FF0E-4B17-BE92-43EE3EDA98E8}.Release|x86.ActiveCfg = Release|x86
		{F212BCDA-FF0E-4B17-BE92-43EE3EDA98E8}.Release|x86.Build.0 = Release|x86
		{F212BCDA-FF0E-4B17-BE92-43EE3EDA98E8}.Release|x86.Deploy.0 = Release|x86
		{4E10FE0F-5BFF-457B-88F8-55418A9BEC5A}.Debug|Any CPU.ActiveCfg = Debug|Any CPU
		{4E10FE0F-5BFF-457B-88F8-55418A9BEC5A}.Debug|Any CPU.Build.0 = Debug|Any CPU
		{4E10FE0F-5BFF-457B-88F8-55418A9BEC5A}.Debug|Any CPU.Deploy.0 = Debug|Any CPU
		{4E10FE0F-5BFF-457B-88F8-55418A9BEC5A}.Debug|ARM.ActiveCfg = Debug|ARM
		{4E10FE0F-5BFF-457B-88F8-55418A9BEC5A}.Debug|ARM.Build.0 = Debug|ARM
		{4E10FE0F-5BFF-457B-88F8-55418A9BEC5A}.Debug|ARM.Deploy.0 = Debug|ARM
		{4E10FE0F-5BFF-457B-88F8-55418A9BEC5A}.Debug|x64.ActiveCfg = Debug|x64
		{4E10FE0F-5BFF-457B-88F8-55418A9BEC5A}.Debug|x64.Build.0 = Debug|x64
		{4E10FE0F-5BFF-457B-88F8-55418A9BEC5A}.Debug|x64.Deploy.0 = Debug|x64
		{4E10FE0F-5BFF-457B-88F8-55418A9BEC5A}.Debug|x86.ActiveCfg = Debug|x86
		{4E10FE0F-5BFF-457B-88F8-55418A9BEC5A}.Debug|x86.Build.0 = Debug|x86
		{4E10FE0F-5BFF-457B-88F8-55418A9BEC5A}.Debug|x86.Deploy.0 = Debug|x86
		{4E10FE0F-5BFF-457B-88F8-55418A9BEC5A}.Release|Any CPU.ActiveCfg = Release|Any CPU
		{4E10FE0F-5BFF-457B-88F8-55418A9BEC5A}.Release|ARM.ActiveCfg = Release|ARM
		{4E10FE0F-5BFF-457B-88F8-55418A9BEC5A}.Release|ARM.Build.0 = Release|ARM
		{4E10FE0F-5BFF-457B-88F8-55418A9BEC5A}.Release|ARM.Deploy.0 = Release|ARM
		{4E10FE0F-5BFF-457B-88F8-55418A9BEC5A}.Release|x64.ActiveCfg = Release|x64
		{4E10FE0F-5BFF-457B-88F8-55418A9BEC5A}.Release|x64.Build.0 = Release|x64
		{4E10FE0F-5BFF-457B-88F8-55418A9BEC5A}.Release|x64.Deploy.0 = Release|x64
		{4E10FE0F-5BFF-457B-88F8-55418A9BEC5A}.Release|x86.ActiveCfg = Release|x86
		{4E10FE0F-5BFF-457B-88F8-55418A9BEC5A}.Release|x86.Build.0 = Release|x86
		{4E10FE0F-5BFF-457B-88F8-55418A9BEC5A}.Release|x86.Deploy.0 = Release|x86
	EndGlobalSection
	GlobalSection(SolutionProperties) = preSolution
		HideSolutionNode = FALSE
	EndGlobalSection
EndGlobal
