
Microsoft Visual Studio Solution File, Format Version 11.00
# Visual Studio 2010 Express for Windows Phone
Project("{FAE04EC0-301F-11D3-BF4B-00C04F79EFBC}") = "Helper", "Helper\Helper.csproj", "{A60804DA-B7AF-42EE-9594-89F4CC10C804}"
EndProject
Global
	GlobalSection(SolutionConfigurationPlatforms) = preSolution
		Debug|Any CPU = Debug|Any CPU
		Release|Any CPU = Release|Any CPU
	EndGlobalSection
	GlobalSection(ProjectConfigurationPlatforms) = postSolution
		{A60804DA-B7AF-42EE-9594-89F4CC10C804}.Debug|Any CPU.ActiveCfg = Debug|Any CPU
		{A60804DA-B7AF-42EE-9594-89F4CC10C804}.Debug|Any CPU.Build.0 = Debug|Any CPU
		{A60804DA-B7AF-42EE-9594-89F4CC10C804}.Release|Any CPU.ActiveCfg = Release|Any CPU
		{A60804DA-B7AF-42EE-9594-89F4CC10C804}.Release|Any CPU.Build.0 = Release|Any CPU
	EndGlobalSection
	GlobalSection(SolutionProperties) = preSolution
		HideSolutionNode = FALSE
	EndGlobalSection
EndGlobal
